
Microsoft Visual Studio Solution File, Format Version 12.00
# Visual Studio 15
Project("{FAE04EC0-301F-11D3-BF4B-00C04F79EFBC}") = "Assembly-CSharp", "Assembly-CSharp.csproj", "{1BE6DED0-77CE-1353-AA5B-EC1F3852C75A}"
EndProject
Project("{FAE04EC0-301F-11D3-BF4B-00C04F79EFBC}") = "ShapesEditor", "ShapesEditor.csproj", "{B25C5647-1C6E-D2E5-9DE6-CBCCB778DCBE}"
EndProject
Project("{FAE04EC0-301F-11D3-BF4B-00C04F79EFBC}") = "ShapesRuntime", "ShapesRuntime.csproj", "{C0E5A35E-9B41-6408-8028-8702A5BF7E57}"
EndProject
Project("{FAE04EC0-301F-11D3-BF4B-00C04F79EFBC}") = "CW.Common", "CW.Common.csproj", "{7B111AB1-61AF-B830-C93B-FC27CCAA26FD}"
EndProject
Project("{FAE04EC0-301F-11D3-BF4B-00C04F79EFBC}") = "ShapesSamples", "ShapesSamples.csproj", "{499D109B-22D1-6F70-E994-92843A857D1F}"
EndProject
Project("{FAE04EC0-301F-11D3-BF4B-00C04F79EFBC}") = "Assembly-CSharp-Editor", "Assembly-CSharp-Editor.csproj", "{41206AF4-8EA9-DC4C-321C-EC0639E1DF23}"
EndProject
Global
	GlobalSection(SolutionConfigurationPlatforms) = preSolution
		Debug|Any CPU = Debug|Any CPU
		Release|Any CPU = Release|Any CPU
	EndGlobalSection
	GlobalSection(ProjectConfigurationPlatforms) = postSolution
		{1BE6DED0-77CE-1353-AA5B-EC1F3852C75A}.Debug|Any CPU.ActiveCfg = Debug|Any CPU
		{1BE6DED0-77CE-1353-AA5B-EC1F3852C75A}.Debug|Any CPU.Build.0 = Debug|Any CPU
		{1BE6DED0-77CE-1353-AA5B-EC1F3852C75A}.Release|Any CPU.ActiveCfg = Release|Any CPU
		{1BE6DED0-77CE-1353-AA5B-EC1F3852C75A}.Release|Any CPU.Build.0 = Release|Any CPU
		{B25C5647-1C6E-D2E5-9DE6-CBCCB778DCBE}.Debug|Any CPU.ActiveCfg = Debug|Any CPU
		{B25C5647-1C6E-D2E5-9DE6-CBCCB778DCBE}.Debug|Any CPU.Build.0 = Debug|Any CPU
		{B25C5647-1C6E-D2E5-9DE6-CBCCB778DCBE}.Release|Any CPU.ActiveCfg = Release|Any CPU
		{B25C5647-1C6E-D2E5-9DE6-CBCCB778DCBE}.Release|Any CPU.Build.0 = Release|Any CPU
		{C0E5A35E-9B41-6408-8028-8702A5BF7E57}.Debug|Any CPU.ActiveCfg = Debug|Any CPU
		{C0E5A35E-9B41-6408-8028-8702A5BF7E57}.Debug|Any CPU.Build.0 = Debug|Any CPU
		{C0E5A35E-9B41-6408-8028-8702A5BF7E57}.Release|Any CPU.ActiveCfg = Release|Any CPU
		{C0E5A35E-9B41-6408-8028-8702A5BF7E57}.Release|Any CPU.Build.0 = Release|Any CPU
		{7B111AB1-61AF-B830-C93B-FC27CCAA26FD}.Debug|Any CPU.ActiveCfg = Debug|Any CPU
		{7B111AB1-61AF-B830-C93B-FC27CCAA26FD}.Debug|Any CPU.Build.0 = Debug|Any CPU
		{7B111AB1-61AF-B830-C93B-FC27CCAA26FD}.Release|Any CPU.ActiveCfg = Release|Any CPU
		{7B111AB1-61AF-B830-C93B-FC27CCAA26FD}.Release|Any CPU.Build.0 = Release|Any CPU
		{499D109B-22D1-6F70-E994-92843A857D1F}.Debug|Any CPU.ActiveCfg = Debug|Any CPU
		{499D109B-22D1-6F70-E994-92843A857D1F}.Debug|Any CPU.Build.0 = Debug|Any CPU
		{499D109B-22D1-6F70-E994-92843A857D1F}.Release|Any CPU.ActiveCfg = Release|Any CPU
		{499D109B-22D1-6F70-E994-92843A857D1F}.Release|Any CPU.Build.0 = Release|Any CPU
		{41206AF4-8EA9-DC4C-321C-EC0639E1DF23}.Debug|Any CPU.ActiveCfg = Debug|Any CPU
		{41206AF4-8EA9-DC4C-321C-EC0639E1DF23}.Debug|Any CPU.Build.0 = Debug|Any CPU
		{41206AF4-8EA9-DC4C-321C-EC0639E1DF23}.Release|Any CPU.ActiveCfg = Release|Any CPU
		{41206AF4-8EA9-DC4C-321C-EC0639E1DF23}.Release|Any CPU.Build.0 = Release|Any CPU
	EndGlobalSection
	GlobalSection(SolutionProperties) = preSolution
		HideSolutionNode = FALSE
	EndGlobalSection
EndGlobal
